{
  "originHash" : "2e6f1b0e9206478dbf0dd12a35f74562cb1e0efa60df66f116594f050d84c0dd",
  "pins" : [
    {
      "identity" : "llama.swift",
      "kind" : "remoteSourceControl",
      "location" : "https://github.com/mattt/llama.swift",
      "state" : {
        "revision" : "dd6da60e96268dc49529cf778d1ffc0756bb7e0a",
        "version" : "2.10199.0"
      }
    }
  ],
  "version" : 3
}
